
Microsoft Visual Studio Solution File, Format Version 12.00
# Visual Studio Version 17
VisualStudioVersion = 17.9.34616.47
MinimumVisualStudioVersion = 10.0.40219.1
Project("{9A19103F-16F7-4668-BE54-9A1E7A4F7556}") = "CsWhispers.Generator", "CsWhispers.Generator\CsWhispers.Generator.csproj", "{30CE2E3A-61D4-4D06-9280-DC73CA4C32E1}"
EndProject
Project("{FAE04EC0-301F-11D3-BF4B-00C04F79EFBC}") = "CsWhispers.Sample", "CsWhispers.Sample\CsWhispers.Sample.csproj", "{F3EFEF07-0F1A-4162-A2D8-56CE9028CB9D}"
EndProject
Project("{FAE04EC0-301F-11D3-BF4B-00C04F79EFBC}") = "CsWhispers.Tests", "CsWhispers.Tests\CsWhispers.Tests.csproj", "{FD24F0D1-7C40-4106-A37D-3F10AB825625}"
EndProject
Global
	GlobalSection(SolutionConfigurationPlatforms) = preSolution
		Debug|Any CPU = Debug|Any CPU
		Debug|x86 = Debug|x86
		Release|Any CPU = Release|Any CPU
		Release|x86 = Release|x86
	EndGlobalSection
	GlobalSection(ProjectConfigurationPlatforms) = postSolution
		{30CE2E3A-61D4-4D06-9280-DC73CA4C32E1}.Debug|Any CPU.ActiveCfg = Debug|Any CPU
		{30CE2E3A-61D4-4D06-9280-DC73CA4C32E1}.Debug|Any CPU.Build.0 = Debug|Any CPU
		{30CE2E3A-61D4-4D06-9280-DC73CA4C32E1}.Debug|x86.ActiveCfg = Debug|Any CPU
		{30CE2E3A-61D4-4D06-9280-DC73CA4C32E1}.Debug|x86.Build.0 = Debug|Any CPU
		{30CE2E3A-61D4-4D06-9280-DC73CA4C32E1}.Release|Any CPU.ActiveCfg = Debug|Any CPU
		{30CE2E3A-61D4-4D06-9280-DC73CA4C32E1}.Release|x86.ActiveCfg = Debug|Any CPU
		{F3EFEF07-0F1A-4162-A2D8-56CE9028CB9D}.Debug|Any CPU.ActiveCfg = Debug|Any CPU
		{F3EFEF07-0F1A-4162-A2D8-56CE9028CB9D}.Debug|Any CPU.Build.0 = Debug|Any CPU
		{F3EFEF07-0F1A-4162-A2D8-56CE9028CB9D}.Debug|x86.ActiveCfg = Debug|x86
		{F3EFEF07-0F1A-4162-A2D8-56CE9028CB9D}.Debug|x86.Build.0 = Debug|x86
		{F3EFEF07-0F1A-4162-A2D8-56CE9028CB9D}.Release|Any CPU.ActiveCfg = Debug|Any CPU
		{F3EFEF07-0F1A-4162-A2D8-56CE9028CB9D}.Release|x86.ActiveCfg = Debug|x86
		{FD24F0D1-7C40-4106-A37D-3F10AB825625}.Debug|Any CPU.ActiveCfg = Debug|Any CPU
		{FD24F0D1-7C40-4106-A37D-3F10AB825625}.Debug|Any CPU.Build.0 = Debug|Any CPU
		{FD24F0D1-7C40-4106-A37D-3F10AB825625}.Debug|x86.ActiveCfg = Debug|x86
		{FD24F0D1-7C40-4106-A37D-3F10AB825625}.Debug|x86.Build.0 = Debug|x86
		{FD24F0D1-7C40-4106-A37D-3F10AB825625}.Release|Any CPU.ActiveCfg = Debug|Any CPU
		{FD24F0D1-7C40-4106-A37D-3F10AB825625}.Release|Any CPU.Build.0 = Debug|Any CPU
		{FD24F0D1-7C40-4106-A37D-3F10AB825625}.Release|x86.ActiveCfg = Debug|x86
		{FD24F0D1-7C40-4106-A37D-3F10AB825625}.Release|x86.Build.0 = Debug|x86
	EndGlobalSection
	GlobalSection(SolutionProperties) = preSolution
		HideSolutionNode = FALSE
	EndGlobalSection
	GlobalSection(ExtensibilityGlobals) = postSolution
		SolutionGuid = {86C69EE4-C025-4D7F-9AD4-058BA919FFFF}
	EndGlobalSection
EndGlobal
